// !$*UTF8*$!
{
	archiveVersion = 1;
	classes = {
	};
	objectVersion = 50;
	objects = {

/* Begin PBXBuildFile section */
		10842C440DAF198B62A35BDB /* Pods_OpenSpotUITests.framework in Frameworks */ = {isa = PBXBuildFile; fileRef = B2C58D57680DEC30632C6525 /* Pods_OpenSpotUITests.framework */; };
		3E3C9C8B22176FAE00A88600 /* AppDelegate.swift in Sources */ = {isa = PBXBuildFile; fileRef = 3E3C9C8A22176FAE00A88600 /* AppDelegate.swift */; };
		3E3C9C8D22176FAE00A88600 /* FirstViewController.swift in Sources */ = {isa = PBXBuildFile; fileRef = 3E3C9C8C22176FAE00A88600 /* FirstViewController.swift */; };
		3E3C9C8F22176FAE00A88600 /* SecondViewController.swift in Sources */ = {isa = PBXBuildFile; fileRef = 3E3C9C8E22176FAE00A88600 /* SecondViewController.swift */; };
		3E3C9C9222176FAE00A88600 /* Main.storyboard in Resources */ = {isa = PBXBuildFile; fileRef = 3E3C9C9022176FAE00A88600 /* Main.storyboard */; };
		3E3C9C9722176FB000A88600 /* LaunchScreen.storyboard in Resources */ = {isa = PBXBuildFile; fileRef = 3E3C9C9522176FB000A88600 /* LaunchScreen.storyboard */; };
		3E3C9CA222176FB000A88600 /* OpenSpotTestsSprint1.swift in Sources */ = {isa = PBXBuildFile; fileRef = 3E3C9CA122176FB000A88600 /* OpenSpotTestsSprint1.swift */; };
		3E3C9CAD22176FB000A88600 /* OpenSpotUITestsSprint1.swift in Sources */ = {isa = PBXBuildFile; fileRef = 3E3C9CAC22176FB000A88600 /* OpenSpotUITestsSprint1.swift */; };
		3E5CA0AB22193BD8009954D7 /* ThirdViewController.swift in Sources */ = {isa = PBXBuildFile; fileRef = 3E5CA0AA22193BD8009954D7 /* ThirdViewController.swift */; };
		3E5CA0B2221E1FD1009954D7 /* MenuOptionCell.swift in Sources */ = {isa = PBXBuildFile; fileRef = 3E5CA0B1221E1FD1009954D7 /* MenuOptionCell.swift */; };
		3E5CA0B4221E2022009954D7 /* MenuOption.swift in Sources */ = {isa = PBXBuildFile; fileRef = 3E5CA0B3221E2022009954D7 /* MenuOption.swift */; };
		3E5CA0B6221E29A1009954D7 /* Assets.xcassets in Resources */ = {isa = PBXBuildFile; fileRef = 3E5CA0B5221E29A1009954D7 /* Assets.xcassets */; };
		3E6525BC225737FE00941F27 /* OpenSpotUITestsSprint2.swift in Sources */ = {isa = PBXBuildFile; fileRef = 3E6525BB225737FE00941F27 /* OpenSpotUITestsSprint2.swift */; };
		3E6525BE2257381600941F27 /* OpenSpotTestsSprint2.swift in Sources */ = {isa = PBXBuildFile; fileRef = 3E6525BD2257381600941F27 /* OpenSpotTestsSprint2.swift */; };
		3E6762A422292584008E85BC /* Pods_OpenSpot.framework in Frameworks */ = {isa = PBXBuildFile; fileRef = 0796D1BA3492B57B06B3A331 /* Pods_OpenSpot.framework */; settings = {ATTRIBUTES = (Required, ); }; };
		3EA2AA422218C0FB00224DDA /* GoogleService-Info.plist in Resources */ = {isa = PBXBuildFile; fileRef = 3EA2AA412218C0FB00224DDA /* GoogleService-Info.plist */; };
		3EC2373D224F0B5400DD6905 /* SupportViewController.swift in Sources */ = {isa = PBXBuildFile; fileRef = 3EC2373C224F0B5400DD6905 /* SupportViewController.swift */; };
		3ED288E122338442007E8256 /* VehicleInformationViewController.swift in Sources */ = {isa = PBXBuildFile; fileRef = 3ED288E022338442007E8256 /* VehicleInformationViewController.swift */; };
		3ED288E3223384B8007E8256 /* UserInformationViewController.swift in Sources */ = {isa = PBXBuildFile; fileRef = 3ED288E2223384B8007E8256 /* UserInformationViewController.swift */; };
		3ED288E5223481C9007E8256 /* UITextFieldExtension.swift in Sources */ = {isa = PBXBuildFile; fileRef = 3ED288E4223481C9007E8256 /* UITextFieldExtension.swift */; };
		9C5D93AE22505C3500011FB7 /* VehicleViewController.swift in Sources */ = {isa = PBXBuildFile; fileRef = 9C5D93AD22505C3500011FB7 /* VehicleViewController.swift */; };
		9C5D93B0225170D700011FB7 /* VehicleOption.swift in Sources */ = {isa = PBXBuildFile; fileRef = 9C5D93AF225170D700011FB7 /* VehicleOption.swift */; };
		9CD5978C2241F60F00302BB1 /* OpenSpotFirebaseUI.swift in Sources */ = {isa = PBXBuildFile; fileRef = 9CD5978B2241F60F00302BB1 /* OpenSpotFirebaseUI.swift */; };
		D4957764D6581D847C9AA024 /* Pods_OpenSpotTests.framework in Frameworks */ = {isa = PBXBuildFile; fileRef = FA9C1319A1530BF5B1CAC992 /* Pods_OpenSpotTests.framework */; };
/* End PBXBuildFile section */

/* Begin PBXContainerItemProxy section */
		3E3C9C9E22176FB000A88600 /* PBXContainerItemProxy */ = {
			isa = PBXContainerItemProxy;
			containerPortal = 3E3C9C7F22176FAE00A88600 /* Project object */;
			proxyType = 1;
			remoteGlobalIDString = 3E3C9C8622176FAE00A88600;
			remoteInfo = OpenSpot;
		};
		3E3C9CA922176FB000A88600 /* PBXContainerItemProxy */ = {
			isa = PBXContainerItemProxy;
			containerPortal = 3E3C9C7F22176FAE00A88600 /* Project object */;
			proxyType = 1;
			remoteGlobalIDString = 3E3C9C8622176FAE00A88600;
			remoteInfo = OpenSpot;
		};
/* End PBXContainerItemProxy section */

/* Begin PBXCopyFilesBuildPhase section */
		3E6762B322292F57008E85BC /* Embed Frameworks */ = {
			isa = PBXCopyFilesBuildPhase;
			buildActionMask = 2147483647;
			dstPath = "";
			dstSubfolderSpec = 10;
			files = (
			);
			name = "Embed Frameworks";
			runOnlyForDeploymentPostprocessing = 0;
		};
/* End PBXCopyFilesBuildPhase section */

/* Begin PBXFileReference section */
		0248210C928DF3130E7E6E5F /* Pods-OpenSpot.debug.xcconfig */ = {isa = PBXFileReference; includeInIndex = 1; lastKnownFileType = text.xcconfig; name = "Pods-OpenSpot.debug.xcconfig"; path = "Target Support Files/Pods-OpenSpot/Pods-OpenSpot.debug.xcconfig"; sourceTree = "<group>"; };
		0796D1BA3492B57B06B3A331 /* Pods_OpenSpot.framework */ = {isa = PBXFileReference; explicitFileType = wrapper.framework; includeInIndex = 0; path = Pods_OpenSpot.framework; sourceTree = BUILT_PRODUCTS_DIR; };
		24C56E80969000CBA21F2951 /* Pods-OpenSpot.release.xcconfig */ = {isa = PBXFileReference; includeInIndex = 1; lastKnownFileType = text.xcconfig; name = "Pods-OpenSpot.release.xcconfig"; path = "Target Support Files/Pods-OpenSpot/Pods-OpenSpot.release.xcconfig"; sourceTree = "<group>"; };
		2854F5D1C33F1BC07BCB6106 /* Pods-OpenSpotUITests.debug.xcconfig */ = {isa = PBXFileReference; includeInIndex = 1; lastKnownFileType = text.xcconfig; name = "Pods-OpenSpotUITests.debug.xcconfig"; path = "Target Support Files/Pods-OpenSpotUITests/Pods-OpenSpotUITests.debug.xcconfig"; sourceTree = "<group>"; };
		33547ADBA8A2B1DB1F15F228 /* Pods-OpenSpotUITests.release.xcconfig */ = {isa = PBXFileReference; includeInIndex = 1; lastKnownFileType = text.xcconfig; name = "Pods-OpenSpotUITests.release.xcconfig"; path = "Target Support Files/Pods-OpenSpotUITests/Pods-OpenSpotUITests.release.xcconfig"; sourceTree = "<group>"; };
		3E3C9C8722176FAE00A88600 /* OpenSpot.app */ = {isa = PBXFileReference; explicitFileType = wrapper.application; includeInIndex = 0; path = OpenSpot.app; sourceTree = BUILT_PRODUCTS_DIR; };
		3E3C9C8A22176FAE00A88600 /* AppDelegate.swift */ = {isa = PBXFileReference; lastKnownFileType = sourcecode.swift; path = AppDelegate.swift; sourceTree = "<group>"; };
		3E3C9C8C22176FAE00A88600 /* FirstViewController.swift */ = {isa = PBXFileReference; lastKnownFileType = sourcecode.swift; path = FirstViewController.swift; sourceTree = "<group>"; };
		3E3C9C8E22176FAE00A88600 /* SecondViewController.swift */ = {isa = PBXFileReference; lastKnownFileType = sourcecode.swift; path = SecondViewController.swift; sourceTree = "<group>"; };
		3E3C9C9122176FAE00A88600 /* Base */ = {isa = PBXFileReference; lastKnownFileType = file.storyboard; name = Base; path = Base.lproj/Main.storyboard; sourceTree = "<group>"; };
		3E3C9C9622176FB000A88600 /* Base */ = {isa = PBXFileReference; lastKnownFileType = file.storyboard; name = Base; path = Base.lproj/LaunchScreen.storyboard; sourceTree = "<group>"; };
		3E3C9C9822176FB000A88600 /* Info.plist */ = {isa = PBXFileReference; lastKnownFileType = text.plist.xml; path = Info.plist; sourceTree = "<group>"; };
		3E3C9C9D22176FB000A88600 /* OpenSpotTests.xctest */ = {isa = PBXFileReference; explicitFileType = wrapper.cfbundle; includeInIndex = 0; path = OpenSpotTests.xctest; sourceTree = BUILT_PRODUCTS_DIR; };
		3E3C9CA122176FB000A88600 /* OpenSpotTestsSprint1.swift */ = {isa = PBXFileReference; lastKnownFileType = sourcecode.swift; path = OpenSpotTestsSprint1.swift; sourceTree = "<group>"; };
		3E3C9CA322176FB000A88600 /* Info.plist */ = {isa = PBXFileReference; lastKnownFileType = text.plist.xml; path = Info.plist; sourceTree = "<group>"; };
		3E3C9CA822176FB000A88600 /* OpenSpotUITests.xctest */ = {isa = PBXFileReference; explicitFileType = wrapper.cfbundle; includeInIndex = 0; path = OpenSpotUITests.xctest; sourceTree = BUILT_PRODUCTS_DIR; };
		3E3C9CAC22176FB000A88600 /* OpenSpotUITestsSprint1.swift */ = {isa = PBXFileReference; lastKnownFileType = sourcecode.swift; path = OpenSpotUITestsSprint1.swift; sourceTree = "<group>"; };
		3E3C9CAE22176FB000A88600 /* Info.plist */ = {isa = PBXFileReference; lastKnownFileType = text.plist.xml; path = Info.plist; sourceTree = "<group>"; };
		3E5CA0AA22193BD8009954D7 /* ThirdViewController.swift */ = {isa = PBXFileReference; lastKnownFileType = sourcecode.swift; path = ThirdViewController.swift; sourceTree = "<group>"; };
		3E5CA0B1221E1FD1009954D7 /* MenuOptionCell.swift */ = {isa = PBXFileReference; lastKnownFileType = sourcecode.swift; path = MenuOptionCell.swift; sourceTree = "<group>"; };
		3E5CA0B3221E2022009954D7 /* MenuOption.swift */ = {isa = PBXFileReference; lastKnownFileType = sourcecode.swift; path = MenuOption.swift; sourceTree = "<group>"; };
		3E5CA0B5221E29A1009954D7 /* Assets.xcassets */ = {isa = PBXFileReference; lastKnownFileType = folder.assetcatalog; path = Assets.xcassets; sourceTree = "<group>"; };
		3E6525BB225737FE00941F27 /* OpenSpotUITestsSprint2.swift */ = {isa = PBXFileReference; lastKnownFileType = sourcecode.swift; path = OpenSpotUITestsSprint2.swift; sourceTree = "<group>"; };
		3E6525BD2257381600941F27 /* OpenSpotTestsSprint2.swift */ = {isa = PBXFileReference; lastKnownFileType = sourcecode.swift; path = OpenSpotTestsSprint2.swift; sourceTree = "<group>"; };
		3EA2AA412218C0FB00224DDA /* GoogleService-Info.plist */ = {isa = PBXFileReference; fileEncoding = 4; lastKnownFileType = text.plist.xml; name = "GoogleService-Info.plist"; path = "../../../../../Downloads/GoogleService-Info.plist"; sourceTree = "<group>"; };
		3EC2373C224F0B5400DD6905 /* SupportViewController.swift */ = {isa = PBXFileReference; lastKnownFileType = sourcecode.swift; path = SupportViewController.swift; sourceTree = "<group>"; };
		3ED288E022338442007E8256 /* VehicleInformationViewController.swift */ = {isa = PBXFileReference; lastKnownFileType = sourcecode.swift; path = VehicleInformationViewController.swift; sourceTree = "<group>"; };
		3ED288E2223384B8007E8256 /* UserInformationViewController.swift */ = {isa = PBXFileReference; lastKnownFileType = sourcecode.swift; path = UserInformationViewController.swift; sourceTree = "<group>"; };
		3ED288E4223481C9007E8256 /* UITextFieldExtension.swift */ = {isa = PBXFileReference; lastKnownFileType = sourcecode.swift; path = UITextFieldExtension.swift; sourceTree = "<group>"; };
		5B9A1FB9F359B2F37E499603 /* Pods-OpenSpotTests.release.xcconfig */ = {isa = PBXFileReference; includeInIndex = 1; lastKnownFileType = text.xcconfig; name = "Pods-OpenSpotTests.release.xcconfig"; path = "Target Support Files/Pods-OpenSpotTests/Pods-OpenSpotTests.release.xcconfig"; sourceTree = "<group>"; };
		5EA5A6ABAACA54187062F90F /* Pods-OpenSpotTests.debug.xcconfig */ = {isa = PBXFileReference; includeInIndex = 1; lastKnownFileType = text.xcconfig; name = "Pods-OpenSpotTests.debug.xcconfig"; path = "Target Support Files/Pods-OpenSpotTests/Pods-OpenSpotTests.debug.xcconfig"; sourceTree = "<group>"; };
		9C5D93AD22505C3500011FB7 /* VehicleViewController.swift */ = {isa = PBXFileReference; lastKnownFileType = sourcecode.swift; path = VehicleViewController.swift; sourceTree = "<group>"; };
		9C5D93AF225170D700011FB7 /* VehicleOption.swift */ = {isa = PBXFileReference; lastKnownFileType = sourcecode.swift; path = VehicleOption.swift; sourceTree = "<group>"; };
		9CD5978522361B8E00302BB1 /* iOSDropDown.framework */ = {isa = PBXFileReference; explicitFileType = wrapper.framework; path = iOSDropDown.framework; sourceTree = BUILT_PRODUCTS_DIR; };
		9CD5978B2241F60F00302BB1 /* OpenSpotFirebaseUI.swift */ = {isa = PBXFileReference; lastKnownFileType = sourcecode.swift; path = OpenSpotFirebaseUI.swift; sourceTree = "<group>"; };
		B2C58D57680DEC30632C6525 /* Pods_OpenSpotUITests.framework */ = {isa = PBXFileReference; explicitFileType = wrapper.framework; includeInIndex = 0; path = Pods_OpenSpotUITests.framework; sourceTree = BUILT_PRODUCTS_DIR; };
		FA9C1319A1530BF5B1CAC992 /* Pods_OpenSpotTests.framework */ = {isa = PBXFileReference; explicitFileType = wrapper.framework; includeInIndex = 0; path = Pods_OpenSpotTests.framework; sourceTree = BUILT_PRODUCTS_DIR; };
/* End PBXFileReference section */

/* Begin PBXFrameworksBuildPhase section */
		3E3C9C8422176FAE00A88600 /* Frameworks */ = {
			isa = PBXFrameworksBuildPhase;
			buildActionMask = 2147483647;
			files = (
				3E6762A422292584008E85BC /* Pods_OpenSpot.framework in Frameworks */,
			);
			runOnlyForDeploymentPostprocessing = 0;
		};
		3E3C9C9A22176FB000A88600 /* Frameworks */ = {
			isa = PBXFrameworksBuildPhase;
			buildActionMask = 2147483647;
			files = (
				D4957764D6581D847C9AA024 /* Pods_OpenSpotTests.framework in Frameworks */,
			);
			runOnlyForDeploymentPostprocessing = 0;
		};
		3E3C9CA522176FB000A88600 /* Frameworks */ = {
			isa = PBXFrameworksBuildPhase;
			buildActionMask = 2147483647;
			files = (
				10842C440DAF198B62A35BDB /* Pods_OpenSpotUITests.framework in Frameworks */,
			);
			runOnlyForDeploymentPostprocessing = 0;
		};
/* End PBXFrameworksBuildPhase section */

/* Begin PBXGroup section */
		2B38F6C6474AF87AD05843EF /* Pods */ = {
			isa = PBXGroup;
			children = (
				0248210C928DF3130E7E6E5F /* Pods-OpenSpot.debug.xcconfig */,
				24C56E80969000CBA21F2951 /* Pods-OpenSpot.release.xcconfig */,
				5EA5A6ABAACA54187062F90F /* Pods-OpenSpotTests.debug.xcconfig */,
				5B9A1FB9F359B2F37E499603 /* Pods-OpenSpotTests.release.xcconfig */,
				2854F5D1C33F1BC07BCB6106 /* Pods-OpenSpotUITests.debug.xcconfig */,
				33547ADBA8A2B1DB1F15F228 /* Pods-OpenSpotUITests.release.xcconfig */,
			);
			path = Pods;
			sourceTree = "<group>";
		};
		3E3C9C7E22176FAE00A88600 = {
			isa = PBXGroup;
			children = (
				3E3C9C8922176FAE00A88600 /* OpenSpot */,
				3E3C9CA022176FB000A88600 /* OpenSpotTests */,
				3E3C9CAB22176FB000A88600 /* OpenSpotUITests */,
				3E3C9C8822176FAE00A88600 /* Products */,
				2B38F6C6474AF87AD05843EF /* Pods */,
				BCC43BDDBA6F219778930976 /* Frameworks */,
			);
			sourceTree = "<group>";
		};
		3E3C9C8822176FAE00A88600 /* Products */ = {
			isa = PBXGroup;
			children = (
				3E3C9C8722176FAE00A88600 /* OpenSpot.app */,
				3E3C9C9D22176FB000A88600 /* OpenSpotTests.xctest */,
				3E3C9CA822176FB000A88600 /* OpenSpotUITests.xctest */,
			);
			name = Products;
			sourceTree = "<group>";
		};
		3E3C9C8922176FAE00A88600 /* OpenSpot */ = {
			isa = PBXGroup;
			children = (
				3E3C9C8A22176FAE00A88600 /* AppDelegate.swift */,
				3E3C9C8C22176FAE00A88600 /* FirstViewController.swift */,
				9CD5978B2241F60F00302BB1 /* OpenSpotFirebaseUI.swift */,
				3ED288E2223384B8007E8256 /* UserInformationViewController.swift */,
				3ED288E022338442007E8256 /* VehicleInformationViewController.swift */,
				9C5D93AD22505C3500011FB7 /* VehicleViewController.swift */,
				3E3C9C8E22176FAE00A88600 /* SecondViewController.swift */,
				3E5CA0AA22193BD8009954D7 /* ThirdViewController.swift */,
				3EC2373C224F0B5400DD6905 /* SupportViewController.swift */,
				3E5CA0B1221E1FD1009954D7 /* MenuOptionCell.swift */,
				3E5CA0B3221E2022009954D7 /* MenuOption.swift */,
				9C5D93AF225170D700011FB7 /* VehicleOption.swift */,
				3ED288E4223481C9007E8256 /* UITextFieldExtension.swift */,
				3E5CA0B5221E29A1009954D7 /* Assets.xcassets */,
				3E3C9C9022176FAE00A88600 /* Main.storyboard */,
				3E3C9C9522176FB000A88600 /* LaunchScreen.storyboard */,
				3EA2AA412218C0FB00224DDA /* GoogleService-Info.plist */,
				3E3C9C9822176FB000A88600 /* Info.plist */,
			);
			path = OpenSpot;
			sourceTree = "<group>";
		};
		3E3C9CA022176FB000A88600 /* OpenSpotTests */ = {
			isa = PBXGroup;
			children = (
				3E3C9CA122176FB000A88600 /* OpenSpotTestsSprint1.swift */,
				3E6525BD2257381600941F27 /* OpenSpotTestsSprint2.swift */,
				3E3C9CA322176FB000A88600 /* Info.plist */,
			);
			path = OpenSpotTests;
			sourceTree = "<group>";
		};
		3E3C9CAB22176FB000A88600 /* OpenSpotUITests */ = {
			isa = PBXGroup;
			children = (
				3E3C9CAC22176FB000A88600 /* OpenSpotUITestsSprint1.swift */,
				3E6525BB225737FE00941F27 /* OpenSpotUITestsSprint2.swift */,
				3E3C9CAE22176FB000A88600 /* Info.plist */,
			);
			path = OpenSpotUITests;
			sourceTree = "<group>";
		};
		BCC43BDDBA6F219778930976 /* Frameworks */ = {
			isa = PBXGroup;
			children = (
				9CD5978522361B8E00302BB1 /* iOSDropDown.framework */,
				0796D1BA3492B57B06B3A331 /* Pods_OpenSpot.framework */,
				FA9C1319A1530BF5B1CAC992 /* Pods_OpenSpotTests.framework */,
				B2C58D57680DEC30632C6525 /* Pods_OpenSpotUITests.framework */,
			);
			name = Frameworks;
			sourceTree = "<group>";
		};
/* End PBXGroup section */

/* Begin PBXNativeTarget section */
		3E3C9C8622176FAE00A88600 /* OpenSpot */ = {
			isa = PBXNativeTarget;
			buildConfigurationList = 3E3C9CB122176FB000A88600 /* Build configuration list for PBXNativeTarget "OpenSpot" */;
			buildPhases = (
				6535FF1B3FDD1EAF3ECB168E /* [CP] Check Pods Manifest.lock */,
				3E3C9C8322176FAE00A88600 /* Sources */,
				3E3C9C8422176FAE00A88600 /* Frameworks */,
				3E3C9C8522176FAE00A88600 /* Resources */,
				B64E6C17D3DD4FAB790254D5 /* [CP] Embed Pods Frameworks */,
				2250C4921DE6E833F1E287EF /* [CP] Copy Pods Resources */,
				3E6762B322292F57008E85BC /* Embed Frameworks */,
			);
			buildRules = (
			);
			dependencies = (
			);
			name = OpenSpot;
			productName = OpenSpot;
			productReference = 3E3C9C8722176FAE00A88600 /* OpenSpot.app */;
			productType = "com.apple.product-type.application";
		};
		3E3C9C9C22176FB000A88600 /* OpenSpotTests */ = {
			isa = PBXNativeTarget;
			buildConfigurationList = 3E3C9CB422176FB000A88600 /* Build configuration list for PBXNativeTarget "OpenSpotTests" */;
			buildPhases = (
				E73CDB261587D7AD81408E73 /* [CP] Check Pods Manifest.lock */,
				3E3C9C9922176FB000A88600 /* Sources */,
				3E3C9C9A22176FB000A88600 /* Frameworks */,
				3E3C9C9B22176FB000A88600 /* Resources */,
				FDF3E98CDD65433BED2AB128 /* [CP] Embed Pods Frameworks */,
				C80F3037402D8B85C5FF70BC /* [CP] Copy Pods Resources */,
			);
			buildRules = (
			);
			dependencies = (
				3E3C9C9F22176FB000A88600 /* PBXTargetDependency */,
			);
			name = OpenSpotTests;
			productName = OpenSpotTests;
			productReference = 3E3C9C9D22176FB000A88600 /* OpenSpotTests.xctest */;
			productType = "com.apple.product-type.bundle.unit-test";
		};
		3E3C9CA722176FB000A88600 /* OpenSpotUITests */ = {
			isa = PBXNativeTarget;
			buildConfigurationList = 3E3C9CB722176FB000A88600 /* Build configuration list for PBXNativeTarget "OpenSpotUITests" */;
			buildPhases = (
				25D4168767C715E00F04622B /* [CP] Check Pods Manifest.lock */,
				3E3C9CA422176FB000A88600 /* Sources */,
				3E3C9CA522176FB000A88600 /* Frameworks */,
				3E3C9CA622176FB000A88600 /* Resources */,
				F1774FBEA2E6F9B9D71A6981 /* [CP] Copy Pods Resources */,
				141B5AC121D8ABDEF29BF6E8 /* [CP] Embed Pods Frameworks */,
			);
			buildRules = (
			);
			dependencies = (
				3E3C9CAA22176FB000A88600 /* PBXTargetDependency */,
			);
			name = OpenSpotUITests;
			productName = OpenSpotUITests;
			productReference = 3E3C9CA822176FB000A88600 /* OpenSpotUITests.xctest */;
			productType = "com.apple.product-type.bundle.ui-testing";
		};
/* End PBXNativeTarget section */

/* Begin PBXProject section */
		3E3C9C7F22176FAE00A88600 /* Project object */ = {
			isa = PBXProject;
			attributes = {
				KnownAssetTags = (
					0,
					1,
				);
				LastSwiftUpdateCheck = 1010;
				LastUpgradeCheck = 1010;
				ORGANIZATIONNAME = "Jay Lliguichushca";
				TargetAttributes = {
					3E3C9C8622176FAE00A88600 = {
						CreatedOnToolsVersion = 10.1;
						LastSwiftMigration = 1020;
					};
					3E3C9C9C22176FB000A88600 = {
						CreatedOnToolsVersion = 10.1;
						LastSwiftMigration = 1020;
						TestTargetID = 3E3C9C8622176FAE00A88600;
					};
					3E3C9CA722176FB000A88600 = {
						CreatedOnToolsVersion = 10.1;
						LastSwiftMigration = 1020;
						TestTargetID = 3E3C9C8622176FAE00A88600;
					};
				};
			};
			buildConfigurationList = 3E3C9C8222176FAE00A88600 /* Build configuration list for PBXProject "OpenSpot" */;
			compatibilityVersion = "Xcode 9.3";
			developmentRegion = en;
			hasScannedForEncodings = 0;
			knownRegions = (
				en,
				Base,
			);
			mainGroup = 3E3C9C7E22176FAE00A88600;
			productRefGroup = 3E3C9C8822176FAE00A88600 /* Products */;
			projectDirPath = "";
			projectRoot = "";
			targets = (
				3E3C9C8622176FAE00A88600 /* OpenSpot */,
				3E3C9C9C22176FB000A88600 /* OpenSpotTests */,
				3E3C9CA722176FB000A88600 /* OpenSpotUITests */,
			);
		};
/* End PBXProject section */

/* Begin PBXResourcesBuildPhase section */
		3E3C9C8522176FAE00A88600 /* Resources */ = {
			isa = PBXResourcesBuildPhase;
			buildActionMask = 2147483647;
			files = (
				3E3C9C9722176FB000A88600 /* LaunchScreen.storyboard in Resources */,
				3EA2AA422218C0FB00224DDA /* GoogleService-Info.plist in Resources */,
				3E5CA0B6221E29A1009954D7 /* Assets.xcassets in Resources */,
				3E3C9C9222176FAE00A88600 /* Main.storyboard in Resources */,
			);
			runOnlyForDeploymentPostprocessing = 0;
		};
		3E3C9C9B22176FB000A88600 /* Resources */ = {
			isa = PBXResourcesBuildPhase;
			buildActionMask = 2147483647;
			files = (
			);
			runOnlyForDeploymentPostprocessing = 0;
		};
		3E3C9CA622176FB000A88600 /* Resources */ = {
			isa = PBXResourcesBuildPhase;
			buildActionMask = 2147483647;
			files = (
			);
			runOnlyForDeploymentPostprocessing = 0;
		};
/* End PBXResourcesBuildPhase section */

/* Begin PBXShellScriptBuildPhase section */
		141B5AC121D8ABDEF29BF6E8 /* [CP] Embed Pods Frameworks */ = {
			isa = PBXShellScriptBuildPhase;
			buildActionMask = 2147483647;
			files = (
			);
			inputFileListPaths = (
			);
			inputPaths = (
				"${PODS_ROOT}/Target Support Files/Pods-OpenSpotUITests/Pods-OpenSpotUITests-frameworks.sh",
				"${BUILT_PRODUCTS_DIR}/BoringSSL-GRPC/openssl_grpc.framework",
				"${BUILT_PRODUCTS_DIR}/GTMSessionFetcher/GTMSessionFetcher.framework",
				"${BUILT_PRODUCTS_DIR}/GoogleUtilities-00567490/GoogleUtilities.framework",
				"${BUILT_PRODUCTS_DIR}/Protobuf/Protobuf.framework",
				"${BUILT_PRODUCTS_DIR}/gRPC-C++/grpcpp.framework",
				"${BUILT_PRODUCTS_DIR}/gRPC-Core/grpc.framework",
				"${BUILT_PRODUCTS_DIR}/leveldb-library/leveldb.framework",
				"${BUILT_PRODUCTS_DIR}/nanopb/nanopb.framework",
			);
			name = "[CP] Embed Pods Frameworks";
			outputFileListPaths = (
			);
			outputPaths = (
				"${TARGET_BUILD_DIR}/${FRAMEWORKS_FOLDER_PATH}/openssl_grpc.framework",
				"${TARGET_BUILD_DIR}/${FRAMEWORKS_FOLDER_PATH}/GTMSessionFetcher.framework",
				"${TARGET_BUILD_DIR}/${FRAMEWORKS_FOLDER_PATH}/GoogleUtilities.framework",
				"${TARGET_BUILD_DIR}/${FRAMEWORKS_FOLDER_PATH}/Protobuf.framework",
				"${TARGET_BUILD_DIR}/${FRAMEWORKS_FOLDER_PATH}/grpcpp.framework",
				"${TARGET_BUILD_DIR}/${FRAMEWORKS_FOLDER_PATH}/grpc.framework",
				"${TARGET_BUILD_DIR}/${FRAMEWORKS_FOLDER_PATH}/leveldb.framework",
				"${TARGET_BUILD_DIR}/${FRAMEWORKS_FOLDER_PATH}/nanopb.framework",
			);
			runOnlyForDeploymentPostprocessing = 0;
			shellPath = /bin/sh;
			shellScript = "\"${PODS_ROOT}/Target Support Files/Pods-OpenSpotUITests/Pods-OpenSpotUITests-frameworks.sh\"\n";
			showEnvVarsInLog = 0;
		};
		2250C4921DE6E833F1E287EF /* [CP] Copy Pods Resources */ = {
			isa = PBXShellScriptBuildPhase;
			buildActionMask = 2147483647;
			files = (
			);
			inputFileListPaths = (
			);
			inputPaths = (
				"${PODS_ROOT}/Target Support Files/Pods-OpenSpot/Pods-OpenSpot-resources.sh",
				"${PODS_CONFIGURATION_BUILD_DIR}/FirebaseUI-Auth-Phone/FirebaseAuthUI.bundle",
				"${PODS_CONFIGURATION_BUILD_DIR}/FirebaseUI-Auth-Phone/FirebasePhoneAuthUI.bundle",
			);
			name = "[CP] Copy Pods Resources";
			outputFileListPaths = (
			);
			outputPaths = (
				"${TARGET_BUILD_DIR}/${UNLOCALIZED_RESOURCES_FOLDER_PATH}/FirebaseAuthUI.bundle",
				"${TARGET_BUILD_DIR}/${UNLOCALIZED_RESOURCES_FOLDER_PATH}/FirebasePhoneAuthUI.bundle",
			);
			runOnlyForDeploymentPostprocessing = 0;
			shellPath = /bin/sh;
			shellScript = "\"${PODS_ROOT}/Target Support Files/Pods-OpenSpot/Pods-OpenSpot-resources.sh\"\n";
			showEnvVarsInLog = 0;
		};
		25D4168767C715E00F04622B /* [CP] Check Pods Manifest.lock */ = {
			isa = PBXShellScriptBuildPhase;
			buildActionMask = 2147483647;
			files = (
			);
			inputFileListPaths = (
			);
			inputPaths = (
				"${PODS_PODFILE_DIR_PATH}/Podfile.lock",
				"${PODS_ROOT}/Manifest.lock",
			);
			name = "[CP] Check Pods Manifest.lock";
			outputFileListPaths = (
			);
			outputPaths = (
				"$(DERIVED_FILE_DIR)/Pods-OpenSpotUITests-checkManifestLockResult.txt",
			);
			runOnlyForDeploymentPostprocessing = 0;
			shellPath = /bin/sh;
			shellScript = "diff \"${PODS_PODFILE_DIR_PATH}/Podfile.lock\" \"${PODS_ROOT}/Manifest.lock\" > /dev/null\nif [ $? != 0 ] ; then\n    # print error to STDERR\n    echo \"error: The sandbox is not in sync with the Podfile.lock. Run 'pod install' or update your CocoaPods installation.\" >&2\n    exit 1\nfi\n# This output is used by Xcode 'outputs' to avoid re-running this script phase.\necho \"SUCCESS\" > \"${SCRIPT_OUTPUT_FILE_0}\"\n";
			showEnvVarsInLog = 0;
		};
		6535FF1B3FDD1EAF3ECB168E /* [CP] Check Pods Manifest.lock */ = {
			isa = PBXShellScriptBuildPhase;
			buildActionMask = 2147483647;
			files = (
			);
			inputFileListPaths = (
			);
			inputPaths = (
				"${PODS_PODFILE_DIR_PATH}/Podfile.lock",
				"${PODS_ROOT}/Manifest.lock",
			);
			name = "[CP] Check Pods Manifest.lock";
			outputFileListPaths = (
			);
			outputPaths = (
				"$(DERIVED_FILE_DIR)/Pods-OpenSpot-checkManifestLockResult.txt",
			);
			runOnlyForDeploymentPostprocessing = 0;
			shellPath = /bin/sh;
			shellScript = "diff \"${PODS_PODFILE_DIR_PATH}/Podfile.lock\" \"${PODS_ROOT}/Manifest.lock\" > /dev/null\nif [ $? != 0 ] ; then\n    # print error to STDERR\n    echo \"error: The sandbox is not in sync with the Podfile.lock. Run 'pod install' or update your CocoaPods installation.\" >&2\n    exit 1\nfi\n# This output is used by Xcode 'outputs' to avoid re-running this script phase.\necho \"SUCCESS\" > \"${SCRIPT_OUTPUT_FILE_0}\"\n";
			showEnvVarsInLog = 0;
		};
		B64E6C17D3DD4FAB790254D5 /* [CP] Embed Pods Frameworks */ = {
			isa = PBXShellScriptBuildPhase;
			buildActionMask = 2147483647;
			files = (
			);
			inputFileListPaths = (
			);
			inputPaths = (
				"${PODS_ROOT}/Target Support Files/Pods-OpenSpot/Pods-OpenSpot-frameworks.sh",
				"${BUILT_PRODUCTS_DIR}/BoringSSL-GRPC/openssl_grpc.framework",
				"${BUILT_PRODUCTS_DIR}/GTMSessionFetcher/GTMSessionFetcher.framework",
				"${BUILT_PRODUCTS_DIR}/GoogleUtilities-00567490/GoogleUtilities.framework",
				"${BUILT_PRODUCTS_DIR}/Protobuf/Protobuf.framework",
				"${BUILT_PRODUCTS_DIR}/gRPC-C++/grpcpp.framework",
				"${BUILT_PRODUCTS_DIR}/gRPC-Core/grpc.framework",
				"${BUILT_PRODUCTS_DIR}/leveldb-library/leveldb.framework",
				"${BUILT_PRODUCTS_DIR}/nanopb/nanopb.framework",
			);
			name = "[CP] Embed Pods Frameworks";
			outputFileListPaths = (
			);
			outputPaths = (
				"${TARGET_BUILD_DIR}/${FRAMEWORKS_FOLDER_PATH}/openssl_grpc.framework",
				"${TARGET_BUILD_DIR}/${FRAMEWORKS_FOLDER_PATH}/GTMSessionFetcher.framework",
				"${TARGET_BUILD_DIR}/${FRAMEWORKS_FOLDER_PATH}/GoogleUtilities.framework",
				"${TARGET_BUILD_DIR}/${FRAMEWORKS_FOLDER_PATH}/Protobuf.framework",
				"${TARGET_BUILD_DIR}/${FRAMEWORKS_FOLDER_PATH}/grpcpp.framework",
				"${TARGET_BUILD_DIR}/${FRAMEWORKS_FOLDER_PATH}/grpc.framework",
				"${TARGET_BUILD_DIR}/${FRAMEWORKS_FOLDER_PATH}/leveldb.framework",
				"${TARGET_BUILD_DIR}/${FRAMEWORKS_FOLDER_PATH}/nanopb.framework",
			);
			runOnlyForDeploymentPostprocessing = 0;
			shellPath = /bin/sh;
			shellScript = "\"${PODS_ROOT}/Target Support Files/Pods-OpenSpot/Pods-OpenSpot-frameworks.sh\"\n";
			showEnvVarsInLog = 0;
		};
		C80F3037402D8B85C5FF70BC /* [CP] Copy Pods Resources */ = {
			isa = PBXShellScriptBuildPhase;
			buildActionMask = 2147483647;
			files = (
			);
			inputFileListPaths = (
			);
			inputPaths = (
				"${PODS_ROOT}/Target Support Files/Pods-OpenSpotTests/Pods-OpenSpotTests-resources.sh",
				"${PODS_CONFIGURATION_BUILD_DIR}/FirebaseUI-Auth/FirebaseAuthUI.bundle",
			);
			name = "[CP] Copy Pods Resources";
			outputFileListPaths = (
			);
			outputPaths = (
				"${TARGET_BUILD_DIR}/${UNLOCALIZED_RESOURCES_FOLDER_PATH}/FirebaseAuthUI.bundle",
			);
			runOnlyForDeploymentPostprocessing = 0;
			shellPath = /bin/sh;
			shellScript = "\"${PODS_ROOT}/Target Support Files/Pods-OpenSpotTests/Pods-OpenSpotTests-resources.sh\"\n";
			showEnvVarsInLog = 0;
		};
		E73CDB261587D7AD81408E73 /* [CP] Check Pods Manifest.lock */ = {
			isa = PBXShellScriptBuildPhase;
			buildActionMask = 2147483647;
			files = (
			);
			inputFileListPaths = (
			);
			inputPaths = (
				"${PODS_PODFILE_DIR_PATH}/Podfile.lock",
				"${PODS_ROOT}/Manifest.lock",
			);
			name = "[CP] Check Pods Manifest.lock";
			outputFileListPaths = (
			);
			outputPaths = (
				"$(DERIVED_FILE_DIR)/Pods-OpenSpotTests-checkManifestLockResult.txt",
			);
			runOnlyForDeploymentPostprocessing = 0;
			shellPath = /bin/sh;
			shellScript = "diff \"${PODS_PODFILE_DIR_PATH}/Podfile.lock\" \"${PODS_ROOT}/Manifest.lock\" > /dev/null\nif [ $? != 0 ] ; then\n    # print error to STDERR\n    echo \"error: The sandbox is not in sync with the Podfile.lock. Run 'pod install' or update your CocoaPods installation.\" >&2\n    exit 1\nfi\n# This output is used by Xcode 'outputs' to avoid re-running this script phase.\necho \"SUCCESS\" > \"${SCRIPT_OUTPUT_FILE_0}\"\n";
			showEnvVarsInLog = 0;
		};
		F1774FBEA2E6F9B9D71A6981 /* [CP] Copy Pods Resources */ = {
			isa = PBXShellScriptBuildPhase;
			buildActionMask = 2147483647;
			files = (
			);
			inputFileListPaths = (
			);
			inputPaths = (
				"${PODS_ROOT}/Target Support Files/Pods-OpenSpotUITests/Pods-OpenSpotUITests-resources.sh",
				"${PODS_CONFIGURATION_BUILD_DIR}/FirebaseUI-Auth-Phone/FirebaseAuthUI.bundle",
				"${PODS_CONFIGURATION_BUILD_DIR}/FirebaseUI-Auth-Phone/FirebasePhoneAuthUI.bundle",
			);
			name = "[CP] Copy Pods Resources";
			outputFileListPaths = (
			);
			outputPaths = (
				"${TARGET_BUILD_DIR}/${UNLOCALIZED_RESOURCES_FOLDER_PATH}/FirebaseAuthUI.bundle",
				"${TARGET_BUILD_DIR}/${UNLOCALIZED_RESOURCES_FOLDER_PATH}/FirebasePhoneAuthUI.bundle",
			);
			runOnlyForDeploymentPostprocessing = 0;
			shellPath = /bin/sh;
			shellScript = "\"${PODS_ROOT}/Target Support Files/Pods-OpenSpotUITests/Pods-OpenSpotUITests-resources.sh\"\n";
			showEnvVarsInLog = 0;
		};
		FDF3E98CDD65433BED2AB128 /* [CP] Embed Pods Frameworks */ = {
			isa = PBXShellScriptBuildPhase;
			buildActionMask = 2147483647;
			files = (
			);
			inputFileListPaths = (
			);
			inputPaths = (
				"${PODS_ROOT}/Target Support Files/Pods-OpenSpotTests/Pods-OpenSpotTests-frameworks.sh",
				"${BUILT_PRODUCTS_DIR}/GTMSessionFetcher/GTMSessionFetcher.framework",
				"${BUILT_PRODUCTS_DIR}/GoogleUtilities-Environment-Logger-UserDefaults/GoogleUtilities.framework",
			);
			name = "[CP] Embed Pods Frameworks";
			outputFileListPaths = (
			);
			outputPaths = (
				"${TARGET_BUILD_DIR}/${FRAMEWORKS_FOLDER_PATH}/GTMSessionFetcher.framework",
				"${TARGET_BUILD_DIR}/${FRAMEWORKS_FOLDER_PATH}/GoogleUtilities.framework",
			);
			runOnlyForDeploymentPostprocessing = 0;
			shellPath = /bin/sh;
			shellScript = "\"${PODS_ROOT}/Target Support Files/Pods-OpenSpotTests/Pods-OpenSpotTests-frameworks.sh\"\n";
			showEnvVarsInLog = 0;
		};
/* End PBXShellScriptBuildPhase section */

/* Begin PBXSourcesBuildPhase section */
		3E3C9C8322176FAE00A88600 /* Sources */ = {
			isa = PBXSourcesBuildPhase;
			buildActionMask = 2147483647;
			files = (
				3E3C9C8F22176FAE00A88600 /* SecondViewController.swift in Sources */,
				9C5D93AE22505C3500011FB7 /* VehicleViewController.swift in Sources */,
				3ED288E5223481C9007E8256 /* UITextFieldExtension.swift in Sources */,
				3EC2373D224F0B5400DD6905 /* SupportViewController.swift in Sources */,
				9C5D93B0225170D700011FB7 /* VehicleOption.swift in Sources */,
				9CD5978C2241F60F00302BB1 /* OpenSpotFirebaseUI.swift in Sources */,
				3E5CA0B4221E2022009954D7 /* MenuOption.swift in Sources */,
				3ED288E3223384B8007E8256 /* UserInformationViewController.swift in Sources */,
				3E5CA0B2221E1FD1009954D7 /* MenuOptionCell.swift in Sources */,
				3E3C9C8B22176FAE00A88600 /* AppDelegate.swift in Sources */,
				3E5CA0AB22193BD8009954D7 /* ThirdViewController.swift in Sources */,
				3ED288E122338442007E8256 /* VehicleInformationViewController.swift in Sources */,
				3E3C9C8D22176FAE00A88600 /* FirstViewController.swift in Sources */,
			);
			runOnlyForDeploymentPostprocessing = 0;
		};
		3E3C9C9922176FB000A88600 /* Sources */ = {
			isa = PBXSourcesBuildPhase;
			buildActionMask = 2147483647;
			files = (
				3E6525BE2257381600941F27 /* OpenSpotTestsSprint2.swift in Sources */,
				3E3C9CA222176FB000A88600 /* OpenSpotTestsSprint1.swift in Sources */,
			);
			runOnlyForDeploymentPostprocessing = 0;
		};
		3E3C9CA422176FB000A88600 /* Sources */ = {
			isa = PBXSourcesBuildPhase;
			buildActionMask = 2147483647;
			files = (
				3E6525BC225737FE00941F27 /* OpenSpotUITestsSprint2.swift in Sources */,
				3E3C9CAD22176FB000A88600 /* OpenSpotUITestsSprint1.swift in Sources */,
			);
			runOnlyForDeploymentPostprocessing = 0;
		};
/* End PBXSourcesBuildPhase section */

/* Begin PBXTargetDependency section */
		3E3C9C9F22176FB000A88600 /* PBXTargetDependency */ = {
			isa = PBXTargetDependency;
			target = 3E3C9C8622176FAE00A88600 /* OpenSpot */;
			targetProxy = 3E3C9C9E22176FB000A88600 /* PBXContainerItemProxy */;
		};
		3E3C9CAA22176FB000A88600 /* PBXTargetDependency */ = {
			isa = PBXTargetDependency;
			target = 3E3C9C8622176FAE00A88600 /* OpenSpot */;
			targetProxy = 3E3C9CA922176FB000A88600 /* PBXContainerItemProxy */;
		};
/* End PBXTargetDependency section */

/* Begin PBXVariantGroup section */
		3E3C9C9022176FAE00A88600 /* Main.storyboard */ = {
			isa = PBXVariantGroup;
			children = (
				3E3C9C9122176FAE00A88600 /* Base */,
			);
			name = Main.storyboard;
			sourceTree = "<group>";
		};
		3E3C9C9522176FB000A88600 /* LaunchScreen.storyboard */ = {
			isa = PBXVariantGroup;
			children = (
				3E3C9C9622176FB000A88600 /* Base */,
			);
			name = LaunchScreen.storyboard;
			sourceTree = "<group>";
		};
/* End PBXVariantGroup section */

/* Begin XCBuildConfiguration section */
		3E3C9CAF22176FB000A88600 /* Debug */ = {
			isa = XCBuildConfiguration;
			buildSettings = {
				ALWAYS_SEARCH_USER_PATHS = NO;
				CLANG_ANALYZER_NONNULL = YES;
				CLANG_ANALYZER_NUMBER_OBJECT_CONVERSION = YES_AGGRESSIVE;
				CLANG_CXX_LANGUAGE_STANDARD = "gnu++14";
				CLANG_CXX_LIBRARY = "libc++";
				CLANG_ENABLE_MODULES = YES;
				CLANG_ENABLE_OBJC_ARC = YES;
				CLANG_ENABLE_OBJC_WEAK = YES;
				CLANG_WARN_BLOCK_CAPTURE_AUTORELEASING = YES;
				CLANG_WARN_BOOL_CONVERSION = YES;
				CLANG_WARN_COMMA = YES;
				CLANG_WARN_CONSTANT_CONVERSION = YES;
				CLANG_WARN_DEPRECATED_OBJC_IMPLEMENTATIONS = YES;
				CLANG_WARN_DIRECT_OBJC_ISA_USAGE = YES_ERROR;
				CLANG_WARN_DOCUMENTATION_COMMENTS = YES;
				CLANG_WARN_EMPTY_BODY = YES;
				CLANG_WARN_ENUM_CONVERSION = YES;
				CLANG_WARN_INFINITE_RECURSION = YES;
				CLANG_WARN_INT_CONVERSION = YES;
				CLANG_WARN_NON_LITERAL_NULL_CONVERSION = YES;
				CLANG_WARN_OBJC_IMPLICIT_RETAIN_SELF = YES;
				CLANG_WARN_OBJC_LITERAL_CONVERSION = YES;
				CLANG_WARN_OBJC_ROOT_CLASS = YES_ERROR;
				CLANG_WARN_RANGE_LOOP_ANALYSIS = YES;
				CLANG_WARN_STRICT_PROTOTYPES = YES;
				CLANG_WARN_SUSPICIOUS_MOVE = YES;
				CLANG_WARN_UNGUARDED_AVAILABILITY = YES_AGGRESSIVE;
				CLANG_WARN_UNREACHABLE_CODE = YES;
				CLANG_WARN__DUPLICATE_METHOD_MATCH = YES;
				CODE_SIGN_IDENTITY = "iPhone Developer";
				COPY_PHASE_STRIP = NO;
				DEBUG_INFORMATION_FORMAT = dwarf;
				ENABLE_STRICT_OBJC_MSGSEND = YES;
				ENABLE_TESTABILITY = YES;
				GCC_C_LANGUAGE_STANDARD = gnu11;
				GCC_DYNAMIC_NO_PIC = NO;
				GCC_NO_COMMON_BLOCKS = YES;
				GCC_OPTIMIZATION_LEVEL = 0;
				GCC_PREPROCESSOR_DEFINITIONS = (
					"DEBUG=1",
					"$(inherited)",
				);
				GCC_WARN_64_TO_32_BIT_CONVERSION = YES;
				GCC_WARN_ABOUT_RETURN_TYPE = YES_ERROR;
				GCC_WARN_UNDECLARED_SELECTOR = YES;
				GCC_WARN_UNINITIALIZED_AUTOS = YES_AGGRESSIVE;
				GCC_WARN_UNUSED_FUNCTION = YES;
				GCC_WARN_UNUSED_VARIABLE = YES;
				IPHONEOS_DEPLOYMENT_TARGET = 12.1;
				MTL_ENABLE_DEBUG_INFO = INCLUDE_SOURCE;
				MTL_FAST_MATH = YES;
				ONLY_ACTIVE_ARCH = YES;
				SDKROOT = iphoneos;
				SWIFT_ACTIVE_COMPILATION_CONDITIONS = DEBUG;
				SWIFT_OPTIMIZATION_LEVEL = "-Onone";
			};
			name = Debug;
		};
		3E3C9CB022176FB000A88600 /* Release */ = {
			isa = XCBuildConfiguration;
			buildSettings = {
				ALWAYS_SEARCH_USER_PATHS = NO;
				CLANG_ANALYZER_NONNULL = YES;
				CLANG_ANALYZER_NUMBER_OBJECT_CONVERSION = YES_AGGRESSIVE;
				CLANG_CXX_LANGUAGE_STANDARD = "gnu++14";
				CLANG_CXX_LIBRARY = "libc++";
				CLANG_ENABLE_MODULES = YES;
				CLANG_ENABLE_OBJC_ARC = YES;
				CLANG_ENABLE_OBJC_WEAK = YES;
				CLANG_WARN_BLOCK_CAPTURE_AUTORELEASING = YES;
				CLANG_WARN_BOOL_CONVERSION = YES;
				CLANG_WARN_COMMA = YES;
				CLANG_WARN_CONSTANT_CONVERSION = YES;
				CLANG_WARN_DEPRECATED_OBJC_IMPLEMENTATIONS = YES;
				CLANG_WARN_DIRECT_OBJC_ISA_USAGE = YES_ERROR;
				CLANG_WARN_DOCUMENTATION_COMMENTS = YES;
				CLANG_WARN_EMPTY_BODY = YES;
				CLANG_WARN_ENUM_CONVERSION = YES;
				CLANG_WARN_INFINITE_RECURSION = YES;
				CLANG_WARN_INT_CONVERSION = YES;
				CLANG_WARN_NON_LITERAL_NULL_CONVERSION = YES;
				CLANG_WARN_OBJC_IMPLICIT_RETAIN_SELF = YES;
				CLANG_WARN_OBJC_LITERAL_CONVERSION = YES;
				CLANG_WARN_OBJC_ROOT_CLASS = YES_ERROR;
				CLANG_WARN_RANGE_LOOP_ANALYSIS = YES;
				CLANG_WARN_STRICT_PROTOTYPES = YES;
				CLANG_WARN_SUSPICIOUS_MOVE = YES;
				CLANG_WARN_UNGUARDED_AVAILABILITY = YES_AGGRESSIVE;
				CLANG_WARN_UNREACHABLE_CODE = YES;
				CLANG_WARN__DUPLICATE_METHOD_MATCH = YES;
				CODE_SIGN_IDENTITY = "iPhone Developer";
				COPY_PHASE_STRIP = NO;
				DEBUG_INFORMATION_FORMAT = "dwarf-with-dsym";
				ENABLE_NS_ASSERTIONS = NO;
				ENABLE_STRICT_OBJC_MSGSEND = YES;
				GCC_C_LANGUAGE_STANDARD = gnu11;
				GCC_NO_COMMON_BLOCKS = YES;
				GCC_WARN_64_TO_32_BIT_CONVERSION = YES;
				GCC_WARN_ABOUT_RETURN_TYPE = YES_ERROR;
				GCC_WARN_UNDECLARED_SELECTOR = YES;
				GCC_WARN_UNINITIALIZED_AUTOS = YES_AGGRESSIVE;
				GCC_WARN_UNUSED_FUNCTION = YES;
				GCC_WARN_UNUSED_VARIABLE = YES;
				IPHONEOS_DEPLOYMENT_TARGET = 12.1;
				MTL_ENABLE_DEBUG_INFO = NO;
				MTL_FAST_MATH = YES;
				SDKROOT = iphoneos;
				SWIFT_COMPILATION_MODE = wholemodule;
				SWIFT_OPTIMIZATION_LEVEL = "-O";
				VALIDATE_PRODUCT = YES;
			};
			name = Release;
		};
		3E3C9CB222176FB000A88600 /* Debug */ = {
			isa = XCBuildConfiguration;
			baseConfigurationReference = 0248210C928DF3130E7E6E5F /* Pods-OpenSpot.debug.xcconfig */;
			buildSettings = {
				ASSETCATALOG_COMPILER_APPICON_NAME = AppIcon;
				CODE_SIGN_STYLE = Automatic;
				DEVELOPMENT_TEAM = 4KBD465JXX;
				DYLIB_INSTALL_NAME_BASE = "@rpath";
				INFOPLIST_FILE = OpenSpot/Info.plist;
				LD_RUNPATH_SEARCH_PATHS = (
					"$(inherited)",
					"@executable_path/Frameworks",
				);
				PRODUCT_BUNDLE_IDENTIFIER = edu.buffalo.sfung1.OpenSpot;
				PRODUCT_NAME = "$(TARGET_NAME)";
				SWIFT_VERSION = 5.0;
				TARGETED_DEVICE_FAMILY = "1,2";
			};
			name = Debug;
		};
		3E3C9CB322176FB000A88600 /* Release */ = {
			isa = XCBuildConfiguration;
			baseConfigurationReference = 24C56E80969000CBA21F2951 /* Pods-OpenSpot.release.xcconfig */;
			buildSettings = {
				ASSETCATALOG_COMPILER_APPICON_NAME = AppIcon;
				CODE_SIGN_STYLE = Automatic;
				DEVELOPMENT_TEAM = 4KBD465JXX;
				DYLIB_INSTALL_NAME_BASE = "@rpath";
				INFOPLIST_FILE = OpenSpot/Info.plist;
				LD_RUNPATH_SEARCH_PATHS = (
					"$(inherited)",
					"@executable_path/Frameworks",
				);
				PRODUCT_BUNDLE_IDENTIFIER = edu.buffalo.sfung1.OpenSpot;
				PRODUCT_NAME = "$(TARGET_NAME)";
				SWIFT_VERSION = 5.0;
				TARGETED_DEVICE_FAMILY = "1,2";
			};
			name = Release;
		};
		3E3C9CB522176FB000A88600 /* Debug */ = {
			isa = XCBuildConfiguration;
			baseConfigurationReference = 5EA5A6ABAACA54187062F90F /* Pods-OpenSpotTests.debug.xcconfig */;
			buildSettings = {
				ALWAYS_EMBED_SWIFT_STANDARD_LIBRARIES = YES;
				BUNDLE_LOADER = "$(TEST_HOST)";
				CODE_SIGN_STYLE = Automatic;
				DEVELOPMENT_TEAM = 4KBD465JXX;
				INFOPLIST_FILE = OpenSpotTests/Info.plist;
				LD_RUNPATH_SEARCH_PATHS = (
					"$(inherited)",
					"@executable_path/Frameworks",
					"@loader_path/Frameworks",
				);
				PRODUCT_BUNDLE_IDENTIFIER = edu.buffalo.sfung1.OpenSpotTests;
				PRODUCT_NAME = "$(TARGET_NAME)";
				SWIFT_VERSION = 5.0;
				TARGETED_DEVICE_FAMILY = "1,2";
				TEST_HOST = "$(BUILT_PRODUCTS_DIR)/OpenSpot.app/OpenSpot";
			};
			name = Debug;
		};
		3E3C9CB622176FB000A88600 /* Release */ = {
			isa = XCBuildConfiguration;
			baseConfigurationReference = 5B9A1FB9F359B2F37E499603 /* Pods-OpenSpotTests.release.xcconfig */;
			buildSettings = {
				ALWAYS_EMBED_SWIFT_STANDARD_LIBRARIES = YES;
				BUNDLE_LOADER = "$(TEST_HOST)";
				CODE_SIGN_STYLE = Automatic;
				DEVELOPMENT_TEAM = 4KBD465JXX;
				INFOPLIST_FILE = OpenSpotTests/Info.plist;
				LD_RUNPATH_SEARCH_PATHS = (
					"$(inherited)",
					"@executable_path/Frameworks",
					"@loader_path/Frameworks",
				);
				PRODUCT_BUNDLE_IDENTIFIER = edu.buffalo.sfung1.OpenSpotTests;
				PRODUCT_NAME = "$(TARGET_NAME)";
				SWIFT_VERSION = 5.0;
				TARGETED_DEVICE_FAMILY = "1,2";
				TEST_HOST = "$(BUILT_PRODUCTS_DIR)/OpenSpot.app/OpenSpot";
			};
			name = Release;
		};
		3E3C9CB822176FB000A88600 /* Debug */ = {
			isa = XCBuildConfiguration;
			baseConfigurationReference = 2854F5D1C33F1BC07BCB6106 /* Pods-OpenSpotUITests.debug.xcconfig */;
			buildSettings = {
				ALWAYS_EMBED_SWIFT_STANDARD_LIBRARIES = YES;
				CODE_SIGN_IDENTITY = "iPhone Developer";
				CODE_SIGN_STYLE = Automatic;
				DEVELOPMENT_TEAM = 4KBD465JXX;
				DYLIB_INSTALL_NAME_BASE = "@rpath";
				INFOPLIST_FILE = OpenSpotUITests/Info.plist;
				LD_RUNPATH_SEARCH_PATHS = (
					"$(inherited)",
					"@executable_path/Frameworks",
					"@loader_path/Frameworks",
				);
				PRODUCT_BUNDLE_IDENTIFIER = edu.buffalo.sfung1.OpenSpotUITests;
				PRODUCT_NAME = "$(TARGET_NAME)";
				PROVISIONING_PROFILE_SPECIFIER = "";
				SWIFT_VERSION = 5.0;
				TARGETED_DEVICE_FAMILY = "1,2";
				TEST_TARGET_NAME = OpenSpot;
			};
			name = Debug;
		};
		3E3C9CB922176FB000A88600 /* Release */ = {
			isa = XCBuildConfiguration;
			baseConfigurationReference = 33547ADBA8A2B1DB1F15F228 /* Pods-OpenSpotUITests.release.xcconfig */;
			buildSettings = {
				ALWAYS_EMBED_SWIFT_STANDARD_LIBRARIES = YES;
				CODE_SIGN_IDENTITY = "iPhone Developer";
				CODE_SIGN_STYLE = Automatic;
				DEVELOPMENT_TEAM = 4KBD465JXX;
				DYLIB_INSTALL_NAME_BASE = "@rpath";
				INFOPLIST_FILE = OpenSpotUITests/Info.plist;
				LD_RUNPATH_SEARCH_PATHS = (
					"$(inherited)",
					"@executable_path/Frameworks",
					"@loader_path/Frameworks",
				);
				PRODUCT_BUNDLE_IDENTIFIER = edu.buffalo.sfung1.OpenSpotUITests;
				PRODUCT_NAME = "$(TARGET_NAME)";
				PROVISIONING_PROFILE_SPECIFIER = "";
				SWIFT_VERSION = 5.0;
				TARGETED_DEVICE_FAMILY = "1,2";
				TEST_TARGET_NAME = OpenSpot;
			};
			name = Release;
		};
/* End XCBuildConfiguration section */

/* Begin XCConfigurationList section */
		3E3C9C8222176FAE00A88600 /* Build configuration list for PBXProject "OpenSpot" */ = {
			isa = XCConfigurationList;
			buildConfigurations = (
				3E3C9CAF22176FB000A88600 /* Debug */,
				3E3C9CB022176FB000A88600 /* Release */,
			);
			defaultConfigurationIsVisible = 0;
			defaultConfigurationName = Release;
		};
		3E3C9CB122176FB000A88600 /* Build configuration list for PBXNativeTarget "OpenSpot" */ = {
			isa = XCConfigurationList;
			buildConfigurations = (
				3E3C9CB222176FB000A88600 /* Debug */,
				3E3C9CB322176FB000A88600 /* Release */,
			);
			defaultConfigurationIsVisible = 0;
			defaultConfigurationName = Release;
		};
		3E3C9CB422176FB000A88600 /* Build configuration list for PBXNativeTarget "OpenSpotTests" */ = {
			isa = XCConfigurationList;
			buildConfigurations = (
				3E3C9CB522176FB000A88600 /* Debug */,
				3E3C9CB622176FB000A88600 /* Release */,
			);
			defaultConfigurationIsVisible = 0;
			defaultConfigurationName = Release;
		};
		3E3C9CB722176FB000A88600 /* Build configuration list for PBXNativeTarget "OpenSpotUITests" */ = {
			isa = XCConfigurationList;
			buildConfigurations = (
				3E3C9CB822176FB000A88600 /* Debug */,
				3E3C9CB922176FB000A88600 /* Release */,
			);
			defaultConfigurationIsVisible = 0;
			defaultConfigurationName = Release;
		};
/* End XCConfigurationList section */
	};
	rootObject = 3E3C9C7F22176FAE00A88600 /* Project object */;
}
